
Microsoft Visual Studio Solution File, Format Version 12.00
# Visual Studio Version 17
VisualStudioVersion = 17.0.32112.339
MinimumVisualStudioVersion = 10.0.40219.1
Project("{2150E333-8FDC-42A3-9474-1A3956D46DE8}") = "misc", "misc", "{3034155A-D0C6-4E14-B791-A5BFCB557AF5}"
	ProjectSection(SolutionItems) = preProject
		Directory.Build.props = Directory.Build.props
	EndProjectSection
EndProject
Project("{2150E333-8FDC-42A3-9474-1A3956D46DE8}") = "src", "src", "{5FF38187-3146-403E-B386-C48BA317DC59}"
EndProject
Project("{2150E333-8FDC-42A3-9474-1A3956D46DE8}") = "tst", "tst", "{1A732C74-7BF8-4908-A69C-0834B42116FB}"
EndProject
Project("{9A19103F-16F7-4668-BE54-9A1E7A4F7556}") = "Eggy.Client", "src\Eggy.Client\Eggy.Client.csproj", "{9F35B681-A465-4756-BBEE-2EAFCE9A7C2D}"
EndProject
Project("{9A19103F-16F7-4668-BE54-9A1E7A4F7556}") = "Eggy.Server", "src\Eggy.Server\Eggy.Server.csproj", "{8B7711D3-CB6B-4019-93EC-77B01CA7A4EB}"
EndProject
Project("{9A19103F-16F7-4668-BE54-9A1E7A4F7556}") = "_build", "build\_build.csproj", "{9CB50A3F-D5D8-45CD-B692-35C920A4CD70}"
EndProject
Project("{9A19103F-16F7-4668-BE54-9A1E7A4F7556}") = "Eggy.Domain", "src\Eggy.Domain\Eggy.Domain.csproj", "{8E1ECDE2-7BED-48FA-8BD0-DA28006AC1F4}"
EndProject
Project("{9A19103F-16F7-4668-BE54-9A1E7A4F7556}") = "Eggy.Domain.Tests", "tst\Eggy.Domain.Tests\Eggy.Domain.Tests.csproj", "{8C6B4EA4-B0C5-47D8-A920-08834F90B975}"
EndProject
Project("{FAE04EC0-301F-11D3-BF4B-00C04F79EFBC}") = "Eggy.Client.Mud", "src\EggyClientMudBlazor\Eggy.Client.Mud\Eggy.Client.Mud.csproj", "{141518AE-0034-4115-8804-32A61579782E}"
EndProject
Global
	GlobalSection(SolutionConfigurationPlatforms) = preSolution
		Debug|Any CPU = Debug|Any CPU
		Release|Any CPU = Release|Any CPU
	EndGlobalSection
	GlobalSection(ProjectConfigurationPlatforms) = postSolution
		{9F35B681-A465-4756-BBEE-2EAFCE9A7C2D}.Debug|Any CPU.ActiveCfg = Debug|Any CPU
		{9F35B681-A465-4756-BBEE-2EAFCE9A7C2D}.Debug|Any CPU.Build.0 = Debug|Any CPU
		{9F35B681-A465-4756-BBEE-2EAFCE9A7C2D}.Release|Any CPU.ActiveCfg = Release|Any CPU
		{9F35B681-A465-4756-BBEE-2EAFCE9A7C2D}.Release|Any CPU.Build.0 = Release|Any CPU
		{8B7711D3-CB6B-4019-93EC-77B01CA7A4EB}.Debug|Any CPU.ActiveCfg = Debug|Any CPU
		{8B7711D3-CB6B-4019-93EC-77B01CA7A4EB}.Debug|Any CPU.Build.0 = Debug|Any CPU
		{8B7711D3-CB6B-4019-93EC-77B01CA7A4EB}.Release|Any CPU.ActiveCfg = Release|Any CPU
		{8B7711D3-CB6B-4019-93EC-77B01CA7A4EB}.Release|Any CPU.Build.0 = Release|Any CPU
		{9CB50A3F-D5D8-45CD-B692-35C920A4CD70}.Debug|Any CPU.ActiveCfg = Debug|Any CPU
		{9CB50A3F-D5D8-45CD-B692-35C920A4CD70}.Release|Any CPU.ActiveCfg = Release|Any CPU
		{8E1ECDE2-7BED-48FA-8BD0-DA28006AC1F4}.Debug|Any CPU.ActiveCfg = Debug|Any CPU
		{8E1ECDE2-7BED-48FA-8BD0-DA28006AC1F4}.Debug|Any CPU.Build.0 = Debug|Any CPU
		{8E1ECDE2-7BED-48FA-8BD0-DA28006AC1F4}.Release|Any CPU.ActiveCfg = Release|Any CPU
		{8E1ECDE2-7BED-48FA-8BD0-DA28006AC1F4}.Release|Any CPU.Build.0 = Release|Any CPU
		{8C6B4EA4-B0C5-47D8-A920-08834F90B975}.Debug|Any CPU.ActiveCfg = Debug|Any CPU
		{8C6B4EA4-B0C5-47D8-A920-08834F90B975}.Debug|Any CPU.Build.0 = Debug|Any CPU
		{8C6B4EA4-B0C5-47D8-A920-08834F90B975}.Release|Any CPU.ActiveCfg = Release|Any CPU
		{8C6B4EA4-B0C5-47D8-A920-08834F90B975}.Release|Any CPU.Build.0 = Release|Any CPU
		{141518AE-0034-4115-8804-32A61579782E}.Debug|Any CPU.ActiveCfg = Debug|Any CPU
		{141518AE-0034-4115-8804-32A61579782E}.Debug|Any CPU.Build.0 = Debug|Any CPU
		{141518AE-0034-4115-8804-32A61579782E}.Release|Any CPU.ActiveCfg = Release|Any CPU
		{141518AE-0034-4115-8804-32A61579782E}.Release|Any CPU.Build.0 = Release|Any CPU
	EndGlobalSection
	GlobalSection(SolutionProperties) = preSolution
		HideSolutionNode = FALSE
	EndGlobalSection
	GlobalSection(NestedProjects) = preSolution
		{9F35B681-A465-4756-BBEE-2EAFCE9A7C2D} = {5FF38187-3146-403E-B386-C48BA317DC59}
		{8B7711D3-CB6B-4019-93EC-77B01CA7A4EB} = {5FF38187-3146-403E-B386-C48BA317DC59}
		{8E1ECDE2-7BED-48FA-8BD0-DA28006AC1F4} = {5FF38187-3146-403E-B386-C48BA317DC59}
		{8C6B4EA4-B0C5-47D8-A920-08834F90B975} = {1A732C74-7BF8-4908-A69C-0834B42116FB}
		{141518AE-0034-4115-8804-32A61579782E} = {5FF38187-3146-403E-B386-C48BA317DC59}
	EndGlobalSection
	GlobalSection(ExtensibilityGlobals) = postSolution
		SolutionGuid = {BE2ECC3C-1535-4B49-AA1D-D4F909DBFB0F}
	EndGlobalSection
EndGlobal
